
Microsoft Visual Studio Solution File, Format Version 12.00
# Visual Studio Version 16
VisualStudioVersion = 16.0.29418.71
MinimumVisualStudioVersion = 10.0.40219.1
Project("{8BC9CEB8-8B4A-11D0-8D11-00A0C91BC942}") = "problem_001", "problem_001\problem_001.vcxproj", "{D6E370EA-1393-4A06-96A5-0C10C0DBD4CA}"
EndProject
Project("{8BC9CEB8-8B4A-11D0-8D11-00A0C91BC942}") = "problem_002", "problem_002\problem_002.vcxproj", "{B8A5E4F9-A13D-4C9A-B6DE-14C9768DC5CC}"
EndProject
Project("{8BC9CEB8-8B4A-11D0-8D11-00A0C91BC942}") = "problem_003", "problem_003\problem_003.vcxproj", "{20C437D4-D4D4-4BCE-AF5C-FA2216F415D2}"
EndProject
Project("{8BC9CEB8-8B4A-11D0-8D11-00A0C91BC942}") = "problem_004", "problem_004\problem_004.vcxproj", "{15734C1D-E873-456C-A5B5-2204BC40D884}"
EndProject
Project("{8BC9CEB8-8B4A-11D0-8D11-00A0C91BC942}") = "problem_005", "problem_005\problem_005.vcxproj", "{30BD7AF3-4300-4E24-9126-4BCAEC10345E}"
EndProject
Project("{8BC9CEB8-8B4A-11D0-8D11-00A0C91BC942}") = "problem_006", "problem_006\problem_006.vcxproj", "{F6E50087-0195-4FDE-8B42-36D5052CA7E3}"
EndProject
Project("{8BC9CEB8-8B4A-11D0-8D11-00A0C91BC942}") = "problem_007", "problem_007\problem_007.vcxproj", "{79EC4346-05BF-4FE9-8A77-F98815BC73AB}"
EndProject
Project("{8BC9CEB8-8B4A-11D0-8D11-00A0C91BC942}") = "problem_008", "problem_008\problem_008.vcxproj", "{62E260E1-3519-4853-B1EF-B2F7C4F29978}"
EndProject
Project("{8BC9CEB8-8B4A-11D0-8D11-00A0C91BC942}") = "problem_009", "problem_009\problem_009.vcxproj", "{17BD1519-77A9-40C8-B2B8-39136186FDC3}"
EndProject
Project("{8BC9CEB8-8B4A-11D0-8D11-00A0C91BC942}") = "problem_010", "problem_010\problem_010.vcxproj", "{7EE3DFD1-76FD-4F56-82F2-45B460B28A18}"
EndProject
Project("{8BC9CEB8-8B4A-11D0-8D11-00A0C91BC942}") = "problem_011", "problem_011\problem_011.vcxproj", "{DE350FD5-021D-4028-B53E-1685B777539A}"
EndProject
Project("{8BC9CEB8-8B4A-11D0-8D11-00A0C91BC942}") = "problem_012", "problem_012\problem_012.vcxproj", "{231EC672-E6B0-4B92-9B5C-A0B74E75E34B}"
EndProject
Project("{8BC9CEB8-8B4A-11D0-8D11-00A0C91BC942}") = "problem_013", "problem_013\problem_013.vcxproj", "{EA4ADF3A-BB79-4D9B-B962-318C5A5550F2}"
EndProject
Project("{8BC9CEB8-8B4A-11D0-8D11-00A0C91BC942}") = "problem_014", "problem_014\problem_014.vcxproj", "{937FF4D0-73F0-40F0-90DB-ECAD4E2BB638}"
EndProject
Project("{8BC9CEB8-8B4A-11D0-8D11-00A0C91BC942}") = "problem_015", "problem_015\problem_015.vcxproj", "{C9B3D39D-13DA-44B7-B97E-CFACAACE189A}"
EndProject
Project("{8BC9CEB8-8B4A-11D0-8D11-00A0C91BC942}") = "problem_016", "problem_016\problem_016.vcxproj", "{F8D15CED-21CB-4E42-901F-3B40B52B8FE0}"
EndProject
Project("{8BC9CEB8-8B4A-11D0-8D11-00A0C91BC942}") = "problem_017", "problem_017\problem_017.vcxproj", "{9B50C253-E292-42B4-A6D3-FC858DBD7256}"
EndProject
Project("{8BC9CEB8-8B4A-11D0-8D11-00A0C91BC942}") = "problem_018", "problem_018\problem_018.vcxproj", "{AF6D86DD-2446-4C8F-9520-EC9638D38BE1}"
EndProject
Project("{8BC9CEB8-8B4A-11D0-8D11-00A0C91BC942}") = "problem_019", "problem_019\problem_019.vcxproj", "{D53A562A-55B5-412B-9F0F-9B273FD9BB4C}"
EndProject
Project("{8BC9CEB8-8B4A-11D0-8D11-00A0C91BC942}") = "problem_020", "problem_020\problem_020.vcxproj", "{7EB27EA5-DC52-45A7-BFF7-A10D2A375145}"
EndProject
Global
	GlobalSection(SolutionConfigurationPlatforms) = preSolution
		Debug|x64 = Debug|x64
		Debug|x86 = Debug|x86
		Release|x64 = Release|x64
		Release|x86 = Release|x86
	EndGlobalSection
	GlobalSection(ProjectConfigurationPlatforms) = postSolution
		{D6E370EA-1393-4A06-96A5-0C10C0DBD4CA}.Debug|x64.ActiveCfg = Debug|x64
		{D6E370EA-1393-4A06-96A5-0C10C0DBD4CA}.Debug|x64.Build.0 = Debug|x64
		{D6E370EA-1393-4A06-96A5-0C10C0DBD4CA}.Debug|x86.ActiveCfg = Debug|Win32
		{D6E370EA-1393-4A06-96A5-0C10C0DBD4CA}.Debug|x86.Build.0 = Debug|Win32
		{D6E370EA-1393-4A06-96A5-0C10C0DBD4CA}.Release|x64.ActiveCfg = Release|x64
		{D6E370EA-1393-4A06-96A5-0C10C0DBD4CA}.Release|x64.Build.0 = Release|x64
		{D6E370EA-1393-4A06-96A5-0C10C0DBD4CA}.Release|x86.ActiveCfg = Release|Win32
		{D6E370EA-1393-4A06-96A5-0C10C0DBD4CA}.Release|x86.Build.0 = Release|Win32
		{B8A5E4F9-A13D-4C9A-B6DE-14C9768DC5CC}.Debug|x64.ActiveCfg = Debug|x64
		{B8A5E4F9-A13D-4C9A-B6DE-14C9768DC5CC}.Debug|x64.Build.0 = Debug|x64
		{B8A5E4F9-A13D-4C9A-B6DE-14C9768DC5CC}.Debug|x86.ActiveCfg = Debug|Win32
		{B8A5E4F9-A13D-4C9A-B6DE-14C9768DC5CC}.Debug|x86.Build.0 = Debug|Win32
		{B8A5E4F9-A13D-4C9A-B6DE-14C9768DC5CC}.Release|x64.ActiveCfg = Release|x64
		{B8A5E4F9-A13D-4C9A-B6DE-14C9768DC5CC}.Release|x64.Build.0 = Release|x64
		{B8A5E4F9-A13D-4C9A-B6DE-14C9768DC5CC}.Release|x86.ActiveCfg = Release|Win32
		{B8A5E4F9-A13D-4C9A-B6DE-14C9768DC5CC}.Release|x86.Build.0 = Release|Win32
		{20C437D4-D4D4-4BCE-AF5C-FA2216F415D2}.Debug|x64.ActiveCfg = Debug|x64
		{20C437D4-D4D4-4BCE-AF5C-FA2216F415D2}.Debug|x64.Build.0 = Debug|x64
		{20C437D4-D4D4-4BCE-AF5C-FA2216F415D2}.Debug|x86.ActiveCfg = Debug|Win32
		{20C437D4-D4D4-4BCE-AF5C-FA2216F415D2}.Debug|x86.Build.0 = Debug|Win32
		{20C437D4-D4D4-4BCE-AF5C-FA2216F415D2}.Release|x64.ActiveCfg = Release|x64
		{20C437D4-D4D4-4BCE-AF5C-FA2216F415D2}.Release|x64.Build.0 = Release|x64
		{20C437D4-D4D4-4BCE-AF5C-FA2216F415D2}.Release|x86.ActiveCfg = Release|Win32
		{20C437D4-D4D4-4BCE-AF5C-FA2216F415D2}.Release|x86.Build.0 = Release|Win32
		{15734C1D-E873-456C-A5B5-2204BC40D884}.Debug|x64.ActiveCfg = Debug|x64
		{15734C1D-E873-456C-A5B5-2204BC40D884}.Debug|x64.Build.0 = Debug|x64
		{15734C1D-E873-456C-A5B5-2204BC40D884}.Debug|x86.ActiveCfg = Debug|Win32
		{15734C1D-E873-456C-A5B5-2204BC40D884}.Debug|x86.Build.0 = Debug|Win32
		{15734C1D-E873-456C-A5B5-2204BC40D884}.Release|x64.ActiveCfg = Release|x64
		{15734C1D-E873-456C-A5B5-2204BC40D884}.Release|x64.Build.0 = Release|x64
		{15734C1D-E873-456C-A5B5-2204BC40D884}.Release|x86.ActiveCfg = Release|Win32
		{15734C1D-E873-456C-A5B5-2204BC40D884}.Release|x86.Build.0 = Release|Win32
		{30BD7AF3-4300-4E24-9126-4BCAEC10345E}.Debug|x64.ActiveCfg = Debug|x64
		{30BD7AF3-4300-4E24-9126-4BCAEC10345E}.Debug|x64.Build.0 = Debug|x64
		{30BD7AF3-4300-4E24-9126-4BCAEC10345E}.Debug|x86.ActiveCfg = Debug|Win32
		{30BD7AF3-4300-4E24-9126-4BCAEC10345E}.Debug|x86.Build.0 = Debug|Win32
		{30BD7AF3-4300-4E24-9126-4BCAEC10345E}.Release|x64.ActiveCfg = Release|x64
		{30BD7AF3-4300-4E24-9126-4BCAEC10345E}.Release|x64.Build.0 = Release|x64
		{30BD7AF3-4300-4E24-9126-4BCAEC10345E}.Release|x86.ActiveCfg = Release|Win32
		{30BD7AF3-4300-4E24-9126-4BCAEC10345E}.Release|x86.Build.0 = Release|Win32
		{F6E50087-0195-4FDE-8B42-36D5052CA7E3}.Debug|x64.ActiveCfg = Debug|x64
		{F6E50087-0195-4FDE-8B42-36D5052CA7E3}.Debug|x64.Build.0 = Debug|x64
		{F6E50087-0195-4FDE-8B42-36D5052CA7E3}.Debug|x86.ActiveCfg = Debug|Win32
		{F6E50087-0195-4FDE-8B42-36D5052CA7E3}.Debug|x86.Build.0 = Debug|Win32
		{F6E50087-0195-4FDE-8B42-36D5052CA7E3}.Release|x64.ActiveCfg = Release|x64
		{F6E50087-0195-4FDE-8B42-36D5052CA7E3}.Release|x64.Build.0 = Release|x64
		{F6E50087-0195-4FDE-8B42-36D5052CA7E3}.Release|x86.ActiveCfg = Release|Win32
		{F6E50087-0195-4FDE-8B42-36D5052CA7E3}.Release|x86.Build.0 = Release|Win32
		{79EC4346-05BF-4FE9-8A77-F98815BC73AB}.Debug|x64.ActiveCfg = Debug|x64
		{79EC4346-05BF-4FE9-8A77-F98815BC73AB}.Debug|x64.Build.0 = Debug|x64
		{79EC4346-05BF-4FE9-8A77-F98815BC73AB}.Debug|x86.ActiveCfg = Debug|Win32
		{79EC4346-05BF-4FE9-8A77-F98815BC73AB}.Debug|x86.Build.0 = Debug|Win32
		{79EC4346-05BF-4FE9-8A77-F98815BC73AB}.Release|x64.ActiveCfg = Release|x64
		{79EC4346-05BF-4FE9-8A77-F98815BC73AB}.Release|x64.Build.0 = Release|x64
		{79EC4346-05BF-4FE9-8A77-F98815BC73AB}.Release|x86.ActiveCfg = Release|Win32
		{79EC4346-05BF-4FE9-8A77-F98815BC73AB}.Release|x86.Build.0 = Release|Win32
		{62E260E1-3519-4853-B1EF-B2F7C4F29978}.Debug|x64.ActiveCfg = Debug|x64
		{62E260E1-3519-4853-B1EF-B2F7C4F29978}.Debug|x64.Build.0 = Debug|x64
		{62E260E1-3519-4853-B1EF-B2F7C4F29978}.Debug|x86.ActiveCfg = Debug|Win32
		{62E260E1-3519-4853-B1EF-B2F7C4F29978}.Debug|x86.Build.0 = Debug|Win32
		{62E260E1-3519-4853-B1EF-B2F7C4F29978}.Release|x64.ActiveCfg = Release|x64
		{62E260E1-3519-4853-B1EF-B2F7C4F29978}.Release|x64.Build.0 = Release|x64
		{62E260E1-3519-4853-B1EF-B2F7C4F29978}.Release|x86.ActiveCfg = Release|Win32
		{62E260E1-3519-4853-B1EF-B2F7C4F29978}.Release|x86.Build.0 = Release|Win32
		{17BD1519-77A9-40C8-B2B8-39136186FDC3}.Debug|x64.ActiveCfg = Debug|x64
		{17BD1519-77A9-40C8-B2B8-39136186FDC3}.Debug|x64.Build.0 = Debug|x64
		{17BD1519-77A9-40C8-B2B8-39136186FDC3}.Debug|x86.ActiveCfg = Debug|Win32
		{17BD1519-77A9-40C8-B2B8-39136186FDC3}.Debug|x86.Build.0 = Debug|Win32
		{17BD1519-77A9-40C8-B2B8-39136186FDC3}.Release|x64.ActiveCfg = Release|x64
		{17BD1519-77A9-40C8-B2B8-39136186FDC3}.Release|x64.Build.0 = Release|x64
		{17BD1519-77A9-40C8-B2B8-39136186FDC3}.Release|x86.ActiveCfg = Release|Win32
		{17BD1519-77A9-40C8-B2B8-39136186FDC3}.Release|x86.Build.0 = Release|Win32
		{7EE3DFD1-76FD-4F56-82F2-45B460B28A18}.Debug|x64.ActiveCfg = Debug|x64
		{7EE3DFD1-76FD-4F56-82F2-45B460B28A18}.Debug|x64.Build.0 = Debug|x64
		{7EE3DFD1-76FD-4F56-82F2-45B460B28A18}.Debug|x86.ActiveCfg = Debug|Win32
		{7EE3DFD1-76FD-4F56-82F2-45B460B28A18}.Debug|x86.Build.0 = Debug|Win32
		{7EE3DFD1-76FD-4F56-82F2-45B460B28A18}.Release|x64.ActiveCfg = Release|x64
		{7EE3DFD1-76FD-4F56-82F2-45B460B28A18}.Release|x64.Build.0 = Release|x64
		{7EE3DFD1-76FD-4F56-82F2-45B460B28A18}.Release|x86.ActiveCfg = Release|Win32
		{7EE3DFD1-76FD-4F56-82F2-45B460B28A18}.Release|x86.Build.0 = Release|Win32
		{DE350FD5-021D-4028-B53E-1685B777539A}.Debug|x64.ActiveCfg = Debug|x64
		{DE350FD5-021D-4028-B53E-1685B777539A}.Debug|x64.Build.0 = Debug|x64
		{DE350FD5-021D-4028-B53E-1685B777539A}.Debug|x86.ActiveCfg = Debug|Win32
		{DE350FD5-021D-4028-B53E-1685B777539A}.Debug|x86.Build.0 = Debug|Win32
		{DE350FD5-021D-4028-B53E-1685B777539A}.Release|x64.ActiveCfg = Release|x64
		{DE350FD5-021D-4028-B53E-1685B777539A}.Release|x64.Build.0 = Release|x64
		{DE350FD5-021D-4028-B53E-1685B777539A}.Release|x86.ActiveCfg = Release|Win32
		{DE350FD5-021D-4028-B53E-1685B777539A}.Release|x86.Build.0 = Release|Win32
		{231EC672-E6B0-4B92-9B5C-A0B74E75E34B}.Debug|x64.ActiveCfg = Debug|x64
		{231EC672-E6B0-4B92-9B5C-A0B74E75E34B}.Debug|x64.Build.0 = Debug|x64
		{231EC672-E6B0-4B92-9B5C-A0B74E75E34B}.Debug|x86.ActiveCfg = Debug|Win32
		{231EC672-E6B0-4B92-9B5C-A0B74E75E34B}.Debug|x86.Build.0 = Debug|Win32
		{231EC672-E6B0-4B92-9B5C-A0B74E75E34B}.Release|x64.ActiveCfg = Release|x64
		{231EC672-E6B0-4B92-9B5C-A0B74E75E34B}.Release|x64.Build.0 = Release|x64
		{231EC672-E6B0-4B92-9B5C-A0B74E75E34B}.Release|x86.ActiveCfg = Release|Win32
		{231EC672-E6B0-4B92-9B5C-A0B74E75E34B}.Release|x86.Build.0 = Release|Win32
		{EA4ADF3A-BB79-4D9B-B962-318C5A5550F2}.Debug|x64.ActiveCfg = Debug|x64
		{EA4ADF3A-BB79-4D9B-B962-318C5A5550F2}.Debug|x64.Build.0 = Debug|x64
		{EA4ADF3A-BB79-4D9B-B962-318C5A5550F2}.Debug|x86.ActiveCfg = Debug|Win32
		{EA4ADF3A-BB79-4D9B-B962-318C5A5550F2}.Debug|x86.Build.0 = Debug|Win32
		{EA4ADF3A-BB79-4D9B-B962-318C5A5550F2}.Release|x64.ActiveCfg = Release|x64
		{EA4ADF3A-BB79-4D9B-B962-318C5A5550F2}.Release|x64.Build.0 = Release|x64
		{EA4ADF3A-BB79-4D9B-B962-318C5A5550F2}.Release|x86.ActiveCfg = Release|Win32
		{EA4ADF3A-BB79-4D9B-B962-318C5A5550F2}.Release|x86.Build.0 = Release|Win32
		{937FF4D0-73F0-40F0-90DB-ECAD4E2BB638}.Debug|x64.ActiveCfg = Debug|x64
		{937FF4D0-73F0-40F0-90DB-ECAD4E2BB638}.Debug|x64.Build.0 = Debug|x64
		{937FF4D0-73F0-40F0-90DB-ECAD4E2BB638}.Debug|x86.ActiveCfg = Debug|Win32
		{937FF4D0-73F0-40F0-90DB-ECAD4E2BB638}.Debug|x86.Build.0 = Debug|Win32
		{937FF4D0-73F0-40F0-90DB-ECAD4E2BB638}.Release|x64.ActiveCfg = Release|x64
		{937FF4D0-73F0-40F0-90DB-ECAD4E2BB638}.Release|x64.Build.0 = Release|x64
		{937FF4D0-73F0-40F0-90DB-ECAD4E2BB638}.Release|x86.ActiveCfg = Release|Win32
		{937FF4D0-73F0-40F0-90DB-ECAD4E2BB638}.Release|x86.Build.0 = Release|Win32
		{C9B3D39D-13DA-44B7-B97E-CFACAACE189A}.Debug|x64.ActiveCfg = Debug|x64
		{C9B3D39D-13DA-44B7-B97E-CFACAACE189A}.Debug|x64.Build.0 = Debug|x64
		{C9B3D39D-13DA-44B7-B97E-CFACAACE189A}.Debug|x86.ActiveCfg = Debug|Win32
		{C9B3D39D-13DA-44B7-B97E-CFACAACE189A}.Debug|x86.Build.0 = Debug|Win32
		{C9B3D39D-13DA-44B7-B97E-CFACAACE189A}.Release|x64.ActiveCfg = Release|x64
		{C9B3D39D-13DA-44B7-B97E-CFACAACE189A}.Release|x64.Build.0 = Release|x64
		{C9B3D39D-13DA-44B7-B97E-CFACAACE189A}.Release|x86.ActiveCfg = Release|Win32
		{C9B3D39D-13DA-44B7-B97E-CFACAACE189A}.Release|x86.Build.0 = Release|Win32
		{F8D15CED-21CB-4E42-901F-3B40B52B8FE0}.Debug|x64.ActiveCfg = Debug|x64
		{F8D15CED-21CB-4E42-901F-3B40B52B8FE0}.Debug|x64.Build.0 = Debug|x64
		{F8D15CED-21CB-4E42-901F-3B40B52B8FE0}.Debug|x86.ActiveCfg = Debug|Win32
		{F8D15CED-21CB-4E42-901F-3B40B52B8FE0}.Debug|x86.Build.0 = Debug|Win32
		{F8D15CED-21CB-4E42-901F-3B40B52B8FE0}.Release|x64.ActiveCfg = Release|x64
		{F8D15CED-21CB-4E42-901F-3B40B52B8FE0}.Release|x64.Build.0 = Release|x64
		{F8D15CED-21CB-4E42-901F-3B40B52B8FE0}.Release|x86.ActiveCfg = Release|Win32
		{F8D15CED-21CB-4E42-901F-3B40B52B8FE0}.Release|x86.Build.0 = Release|Win32
		{9B50C253-E292-42B4-A6D3-FC858DBD7256}.Debug|x64.ActiveCfg = Debug|x64
		{9B50C253-E292-42B4-A6D3-FC858DBD7256}.Debug|x64.Build.0 = Debug|x64
		{9B50C253-E292-42B4-A6D3-FC858DBD7256}.Debug|x86.ActiveCfg = Debug|Win32
		{9B50C253-E292-42B4-A6D3-FC858DBD7256}.Debug|x86.Build.0 = Debug|Win32
		{9B50C253-E292-42B4-A6D3-FC858DBD7256}.Release|x64.ActiveCfg = Release|x64
		{9B50C253-E292-42B4-A6D3-FC858DBD7256}.Release|x64.Build.0 = Release|x64
		{9B50C253-E292-42B4-A6D3-FC858DBD7256}.Release|x86.ActiveCfg = Release|Win32
		{9B50C253-E292-42B4-A6D3-FC858DBD7256}.Release|x86.Build.0 = Release|Win32
		{AF6D86DD-2446-4C8F-9520-EC9638D38BE1}.Debug|x64.ActiveCfg = Debug|x64
		{AF6D86DD-2446-4C8F-9520-EC9638D38BE1}.Debug|x64.Build.0 = Debug|x64
		{AF6D86DD-2446-4C8F-9520-EC9638D38BE1}.Debug|x86.ActiveCfg = Debug|Win32
		{AF6D86DD-2446-4C8F-9520-EC9638D38BE1}.Debug|x86.Build.0 = Debug|Win32
		{AF6D86DD-2446-4C8F-9520-EC9638D38BE1}.Release|x64.ActiveCfg = Release|x64
		{AF6D86DD-2446-4C8F-9520-EC9638D38BE1}.Release|x64.Build.0 = Release|x64
		{AF6D86DD-2446-4C8F-9520-EC9638D38BE1}.Release|x86.ActiveCfg = Release|Win32
		{AF6D86DD-2446-4C8F-9520-EC9638D38BE1}.Release|x86.Build.0 = Release|Win32
		{D53A562A-55B5-412B-9F0F-9B273FD9BB4C}.Debug|x64.ActiveCfg = Debug|x64
		{D53A562A-55B5-412B-9F0F-9B273FD9BB4C}.Debug|x64.Build.0 = Debug|x64
		{D53A562A-55B5-412B-9F0F-9B273FD9BB4C}.Debug|x86.ActiveCfg = Debug|Win32
		{D53A562A-55B5-412B-9F0F-9B273FD9BB4C}.Debug|x86.Build.0 = Debug|Win32
		{D53A562A-55B5-412B-9F0F-9B273FD9BB4C}.Release|x64.ActiveCfg = Release|x64
		{D53A562A-55B5-412B-9F0F-9B273FD9BB4C}.Release|x64.Build.0 = Release|x64
		{D53A562A-55B5-412B-9F0F-9B273FD9BB4C}.Release|x86.ActiveCfg = Release|Win32
		{D53A562A-55B5-412B-9F0F-9B273FD9BB4C}.Release|x86.Build.0 = Release|Win32
		{7EB27EA5-DC52-45A7-BFF7-A10D2A375145}.Debug|x64.ActiveCfg = Debug|x64
		{7EB27EA5-DC52-45A7-BFF7-A10D2A375145}.Debug|x64.Build.0 = Debug|x64
		{7EB27EA5-DC52-45A7-BFF7-A10D2A375145}.Debug|x86.ActiveCfg = Debug|Win32
		{7EB27EA5-DC52-45A7-BFF7-A10D2A375145}.Debug|x86.Build.0 = Debug|Win32
		{7EB27EA5-DC52-45A7-BFF7-A10D2A375145}.Release|x64.ActiveCfg = Release|x64
		{7EB27EA5-DC52-45A7-BFF7-A10D2A375145}.Release|x64.Build.0 = Release|x64
		{7EB27EA5-DC52-45A7-BFF7-A10D2A375145}.Release|x86.ActiveCfg = Release|Win32
		{7EB27EA5-DC52-45A7-BFF7-A10D2A375145}.Release|x86.Build.0 = Release|Win32
	EndGlobalSection
	GlobalSection(SolutionProperties) = preSolution
		HideSolutionNode = FALSE
	EndGlobalSection
	GlobalSection(ExtensibilityGlobals) = postSolution
		SolutionGuid = {B74D491C-2463-4836-9E7E-353463DFA752}
	EndGlobalSection
EndGlobal
