
Microsoft Visual Studio Solution File, Format Version 12.00
# Visual Studio Version 16
VisualStudioVersion = 16.0.29509.3
MinimumVisualStudioVersion = 10.0.40219.1
Project("{8BC9CEB8-8B4A-11D0-8D11-00A0C91BC942}") = "Problem_002", "Problem_002\Problem_002.vcxproj", "{DB869877-71C8-4FD4-8B71-2AB71EC0E5BB}"
EndProject
Project("{8BC9CEB8-8B4A-11D0-8D11-00A0C91BC942}") = "Problem_003", "Problem_003\Problem_003.vcxproj", "{0EC6CFF5-B106-44DE-9AF9-6208BB2CB1D6}"
EndProject
Project("{8BC9CEB8-8B4A-11D0-8D11-00A0C91BC942}") = "Problem_004", "Problem_004\Problem_004.vcxproj", "{4811B673-477D-48EA-9BD6-65CCC4DB358C}"
EndProject
Project("{8BC9CEB8-8B4A-11D0-8D11-00A0C91BC942}") = "Problem_005", "Problem_005\Problem_005.vcxproj", "{E55CCDB0-6814-458B-AD8A-090A6056C06B}"
EndProject
Project("{8BC9CEB8-8B4A-11D0-8D11-00A0C91BC942}") = "Problem_006", "Problem_006\Problem_006.vcxproj", "{58519CCA-1E38-4719-B2AE-B8B2FDAD8B84}"
EndProject
Project("{8BC9CEB8-8B4A-11D0-8D11-00A0C91BC942}") = "Problem_007", "Problem_007\Problem_007.vcxproj", "{F0BEF8DA-D8C6-4ED9-8EED-4A042A5F40C5}"
EndProject
Project("{8BC9CEB8-8B4A-11D0-8D11-00A0C91BC942}") = "Problem_008", "Problem_008\Problem_008.vcxproj", "{B41F74AB-6BD6-4567-9BE3-9162A01627C7}"
EndProject
Project("{8BC9CEB8-8B4A-11D0-8D11-00A0C91BC942}") = "Problem_009", "Problem_009\Problem_009.vcxproj", "{A94E1361-7725-463E-A323-B80E1B7C8945}"
EndProject
Project("{8BC9CEB8-8B4A-11D0-8D11-00A0C91BC942}") = "Problem_010", "Problem_010\Problem_010.vcxproj", "{E07BBB88-74A2-47CC-BF52-606013F5D9DC}"
EndProject
Project("{8BC9CEB8-8B4A-11D0-8D11-00A0C91BC942}") = "Problem_011", "Problem_011\Problem_011.vcxproj", "{4A088900-45F1-46DF-BF69-2C793AA24788}"
EndProject
Project("{8BC9CEB8-8B4A-11D0-8D11-00A0C91BC942}") = "Problem_012", "Problem_012\Problem_012.vcxproj", "{FFF8A09D-CA7A-442F-A321-1EDB4A3769F9}"
EndProject
Project("{8BC9CEB8-8B4A-11D0-8D11-00A0C91BC942}") = "Problem_013", "Problem_013\Problem_013.vcxproj", "{7E34B3DD-A022-4CF9-BBD6-649FBE6FD7E9}"
EndProject
Project("{8BC9CEB8-8B4A-11D0-8D11-00A0C91BC942}") = "Problem_014", "Problem_014\Problem_014.vcxproj", "{254EF233-7CDD-4F0B-93E3-7588AEA91EE0}"
EndProject
Project("{8BC9CEB8-8B4A-11D0-8D11-00A0C91BC942}") = "Problem_015", "Problem_015\Problem_015.vcxproj", "{0C5BA912-705F-4A6B-B22D-34D86E1E887D}"
EndProject
Project("{8BC9CEB8-8B4A-11D0-8D11-00A0C91BC942}") = "Problem_016", "Problem_016\Problem_016.vcxproj", "{AA4AF8D1-C00C-4420-9473-D27389FDF679}"
EndProject
Project("{8BC9CEB8-8B4A-11D0-8D11-00A0C91BC942}") = "Problem_017", "Problem_017\Problem_017.vcxproj", "{9BB0B0E7-6262-47A0-8CCA-2BC91B6D354E}"
EndProject
Project("{8BC9CEB8-8B4A-11D0-8D11-00A0C91BC942}") = "Problem_018", "Problem_018\Problem_018.vcxproj", "{75AD7636-B021-426C-A243-0BC007830443}"
EndProject
Project("{8BC9CEB8-8B4A-11D0-8D11-00A0C91BC942}") = "Problem_019", "Problem_019\Problem_019.vcxproj", "{B420AF30-7845-4E97-B870-2EEE4B41AF07}"
EndProject
Project("{8BC9CEB8-8B4A-11D0-8D11-00A0C91BC942}") = "Problem_020", "Problem_020\Problem_020.vcxproj", "{F1128DD2-265D-41A1-B212-557A540E7A0E}"
EndProject
Project("{8BC9CEB8-8B4A-11D0-8D11-00A0C91BC942}") = "Problem_001", "Problem_001\Problem_001.vcxproj", "{8AFAE173-BAF2-4C97-ADAA-E6FE96F8A744}"
EndProject
Global
	GlobalSection(SolutionConfigurationPlatforms) = preSolution
		Debug|x64 = Debug|x64
		Debug|x86 = Debug|x86
		Release|x64 = Release|x64
		Release|x86 = Release|x86
	EndGlobalSection
	GlobalSection(ProjectConfigurationPlatforms) = postSolution
		{DB869877-71C8-4FD4-8B71-2AB71EC0E5BB}.Debug|x64.ActiveCfg = Debug|x64
		{DB869877-71C8-4FD4-8B71-2AB71EC0E5BB}.Debug|x64.Build.0 = Debug|x64
		{DB869877-71C8-4FD4-8B71-2AB71EC0E5BB}.Debug|x86.ActiveCfg = Debug|Win32
		{DB869877-71C8-4FD4-8B71-2AB71EC0E5BB}.Debug|x86.Build.0 = Debug|Win32
		{DB869877-71C8-4FD4-8B71-2AB71EC0E5BB}.Release|x64.ActiveCfg = Release|x64
		{DB869877-71C8-4FD4-8B71-2AB71EC0E5BB}.Release|x64.Build.0 = Release|x64
		{DB869877-71C8-4FD4-8B71-2AB71EC0E5BB}.Release|x86.ActiveCfg = Release|Win32
		{DB869877-71C8-4FD4-8B71-2AB71EC0E5BB}.Release|x86.Build.0 = Release|Win32
		{0EC6CFF5-B106-44DE-9AF9-6208BB2CB1D6}.Debug|x64.ActiveCfg = Debug|x64
		{0EC6CFF5-B106-44DE-9AF9-6208BB2CB1D6}.Debug|x64.Build.0 = Debug|x64
		{0EC6CFF5-B106-44DE-9AF9-6208BB2CB1D6}.Debug|x86.ActiveCfg = Debug|Win32
		{0EC6CFF5-B106-44DE-9AF9-6208BB2CB1D6}.Debug|x86.Build.0 = Debug|Win32
		{0EC6CFF5-B106-44DE-9AF9-6208BB2CB1D6}.Release|x64.ActiveCfg = Release|x64
		{0EC6CFF5-B106-44DE-9AF9-6208BB2CB1D6}.Release|x64.Build.0 = Release|x64
		{0EC6CFF5-B106-44DE-9AF9-6208BB2CB1D6}.Release|x86.ActiveCfg = Release|Win32
		{0EC6CFF5-B106-44DE-9AF9-6208BB2CB1D6}.Release|x86.Build.0 = Release|Win32
		{4811B673-477D-48EA-9BD6-65CCC4DB358C}.Debug|x64.ActiveCfg = Debug|x64
		{4811B673-477D-48EA-9BD6-65CCC4DB358C}.Debug|x64.Build.0 = Debug|x64
		{4811B673-477D-48EA-9BD6-65CCC4DB358C}.Debug|x86.ActiveCfg = Debug|Win32
		{4811B673-477D-48EA-9BD6-65CCC4DB358C}.Debug|x86.Build.0 = Debug|Win32
		{4811B673-477D-48EA-9BD6-65CCC4DB358C}.Release|x64.ActiveCfg = Release|x64
		{4811B673-477D-48EA-9BD6-65CCC4DB358C}.Release|x64.Build.0 = Release|x64
		{4811B673-477D-48EA-9BD6-65CCC4DB358C}.Release|x86.ActiveCfg = Release|Win32
		{4811B673-477D-48EA-9BD6-65CCC4DB358C}.Release|x86.Build.0 = Release|Win32
		{E55CCDB0-6814-458B-AD8A-090A6056C06B}.Debug|x64.ActiveCfg = Debug|x64
		{E55CCDB0-6814-458B-AD8A-090A6056C06B}.Debug|x64.Build.0 = Debug|x64
		{E55CCDB0-6814-458B-AD8A-090A6056C06B}.Debug|x86.ActiveCfg = Debug|Win32
		{E55CCDB0-6814-458B-AD8A-090A6056C06B}.Debug|x86.Build.0 = Debug|Win32
		{E55CCDB0-6814-458B-AD8A-090A6056C06B}.Release|x64.ActiveCfg = Release|x64
		{E55CCDB0-6814-458B-AD8A-090A6056C06B}.Release|x64.Build.0 = Release|x64
		{E55CCDB0-6814-458B-AD8A-090A6056C06B}.Release|x86.ActiveCfg = Release|Win32
		{E55CCDB0-6814-458B-AD8A-090A6056C06B}.Release|x86.Build.0 = Release|Win32
		{58519CCA-1E38-4719-B2AE-B8B2FDAD8B84}.Debug|x64.ActiveCfg = Debug|x64
		{58519CCA-1E38-4719-B2AE-B8B2FDAD8B84}.Debug|x64.Build.0 = Debug|x64
		{58519CCA-1E38-4719-B2AE-B8B2FDAD8B84}.Debug|x86.ActiveCfg = Debug|Win32
		{58519CCA-1E38-4719-B2AE-B8B2FDAD8B84}.Debug|x86.Build.0 = Debug|Win32
		{58519CCA-1E38-4719-B2AE-B8B2FDAD8B84}.Release|x64.ActiveCfg = Release|x64
		{58519CCA-1E38-4719-B2AE-B8B2FDAD8B84}.Release|x64.Build.0 = Release|x64
		{58519CCA-1E38-4719-B2AE-B8B2FDAD8B84}.Release|x86.ActiveCfg = Release|Win32
		{58519CCA-1E38-4719-B2AE-B8B2FDAD8B84}.Release|x86.Build.0 = Release|Win32
		{F0BEF8DA-D8C6-4ED9-8EED-4A042A5F40C5}.Debug|x64.ActiveCfg = Debug|x64
		{F0BEF8DA-D8C6-4ED9-8EED-4A042A5F40C5}.Debug|x64.Build.0 = Debug|x64
		{F0BEF8DA-D8C6-4ED9-8EED-4A042A5F40C5}.Debug|x86.ActiveCfg = Debug|Win32
		{F0BEF8DA-D8C6-4ED9-8EED-4A042A5F40C5}.Debug|x86.Build.0 = Debug|Win32
		{F0BEF8DA-D8C6-4ED9-8EED-4A042A5F40C5}.Release|x64.ActiveCfg = Release|x64
		{F0BEF8DA-D8C6-4ED9-8EED-4A042A5F40C5}.Release|x64.Build.0 = Release|x64
		{F0BEF8DA-D8C6-4ED9-8EED-4A042A5F40C5}.Release|x86.ActiveCfg = Release|Win32
		{F0BEF8DA-D8C6-4ED9-8EED-4A042A5F40C5}.Release|x86.Build.0 = Release|Win32
		{B41F74AB-6BD6-4567-9BE3-9162A01627C7}.Debug|x64.ActiveCfg = Debug|x64
		{B41F74AB-6BD6-4567-9BE3-9162A01627C7}.Debug|x64.Build.0 = Debug|x64
		{B41F74AB-6BD6-4567-9BE3-9162A01627C7}.Debug|x86.ActiveCfg = Debug|Win32
		{B41F74AB-6BD6-4567-9BE3-9162A01627C7}.Debug|x86.Build.0 = Debug|Win32
		{B41F74AB-6BD6-4567-9BE3-9162A01627C7}.Release|x64.ActiveCfg = Release|x64
		{B41F74AB-6BD6-4567-9BE3-9162A01627C7}.Release|x64.Build.0 = Release|x64
		{B41F74AB-6BD6-4567-9BE3-9162A01627C7}.Release|x86.ActiveCfg = Release|Win32
		{B41F74AB-6BD6-4567-9BE3-9162A01627C7}.Release|x86.Build.0 = Release|Win32
		{A94E1361-7725-463E-A323-B80E1B7C8945}.Debug|x64.ActiveCfg = Debug|x64
		{A94E1361-7725-463E-A323-B80E1B7C8945}.Debug|x64.Build.0 = Debug|x64
		{A94E1361-7725-463E-A323-B80E1B7C8945}.Debug|x86.ActiveCfg = Debug|Win32
		{A94E1361-7725-463E-A323-B80E1B7C8945}.Debug|x86.Build.0 = Debug|Win32
		{A94E1361-7725-463E-A323-B80E1B7C8945}.Release|x64.ActiveCfg = Release|x64
		{A94E1361-7725-463E-A323-B80E1B7C8945}.Release|x64.Build.0 = Release|x64
		{A94E1361-7725-463E-A323-B80E1B7C8945}.Release|x86.ActiveCfg = Release|Win32
		{A94E1361-7725-463E-A323-B80E1B7C8945}.Release|x86.Build.0 = Release|Win32
		{E07BBB88-74A2-47CC-BF52-606013F5D9DC}.Debug|x64.ActiveCfg = Debug|x64
		{E07BBB88-74A2-47CC-BF52-606013F5D9DC}.Debug|x64.Build.0 = Debug|x64
		{E07BBB88-74A2-47CC-BF52-606013F5D9DC}.Debug|x86.ActiveCfg = Debug|Win32
		{E07BBB88-74A2-47CC-BF52-606013F5D9DC}.Debug|x86.Build.0 = Debug|Win32
		{E07BBB88-74A2-47CC-BF52-606013F5D9DC}.Release|x64.ActiveCfg = Release|x64
		{E07BBB88-74A2-47CC-BF52-606013F5D9DC}.Release|x64.Build.0 = Release|x64
		{E07BBB88-74A2-47CC-BF52-606013F5D9DC}.Release|x86.ActiveCfg = Release|Win32
		{E07BBB88-74A2-47CC-BF52-606013F5D9DC}.Release|x86.Build.0 = Release|Win32
		{4A088900-45F1-46DF-BF69-2C793AA24788}.Debug|x64.ActiveCfg = Debug|x64
		{4A088900-45F1-46DF-BF69-2C793AA24788}.Debug|x64.Build.0 = Debug|x64
		{4A088900-45F1-46DF-BF69-2C793AA24788}.Debug|x86.ActiveCfg = Debug|Win32
		{4A088900-45F1-46DF-BF69-2C793AA24788}.Debug|x86.Build.0 = Debug|Win32
		{4A088900-45F1-46DF-BF69-2C793AA24788}.Release|x64.ActiveCfg = Release|x64
		{4A088900-45F1-46DF-BF69-2C793AA24788}.Release|x64.Build.0 = Release|x64
		{4A088900-45F1-46DF-BF69-2C793AA24788}.Release|x86.ActiveCfg = Release|Win32
		{4A088900-45F1-46DF-BF69-2C793AA24788}.Release|x86.Build.0 = Release|Win32
		{FFF8A09D-CA7A-442F-A321-1EDB4A3769F9}.Debug|x64.ActiveCfg = Debug|x64
		{FFF8A09D-CA7A-442F-A321-1EDB4A3769F9}.Debug|x64.Build.0 = Debug|x64
		{FFF8A09D-CA7A-442F-A321-1EDB4A3769F9}.Debug|x86.ActiveCfg = Debug|Win32
		{FFF8A09D-CA7A-442F-A321-1EDB4A3769F9}.Debug|x86.Build.0 = Debug|Win32
		{FFF8A09D-CA7A-442F-A321-1EDB4A3769F9}.Release|x64.ActiveCfg = Release|x64
		{FFF8A09D-CA7A-442F-A321-1EDB4A3769F9}.Release|x64.Build.0 = Release|x64
		{FFF8A09D-CA7A-442F-A321-1EDB4A3769F9}.Release|x86.ActiveCfg = Release|Win32
		{FFF8A09D-CA7A-442F-A321-1EDB4A3769F9}.Release|x86.Build.0 = Release|Win32
		{7E34B3DD-A022-4CF9-BBD6-649FBE6FD7E9}.Debug|x64.ActiveCfg = Debug|x64
		{7E34B3DD-A022-4CF9-BBD6-649FBE6FD7E9}.Debug|x64.Build.0 = Debug|x64
		{7E34B3DD-A022-4CF9-BBD6-649FBE6FD7E9}.Debug|x86.ActiveCfg = Debug|Win32
		{7E34B3DD-A022-4CF9-BBD6-649FBE6FD7E9}.Debug|x86.Build.0 = Debug|Win32
		{7E34B3DD-A022-4CF9-BBD6-649FBE6FD7E9}.Release|x64.ActiveCfg = Release|x64
		{7E34B3DD-A022-4CF9-BBD6-649FBE6FD7E9}.Release|x64.Build.0 = Release|x64
		{7E34B3DD-A022-4CF9-BBD6-649FBE6FD7E9}.Release|x86.ActiveCfg = Release|Win32
		{7E34B3DD-A022-4CF9-BBD6-649FBE6FD7E9}.Release|x86.Build.0 = Release|Win32
		{254EF233-7CDD-4F0B-93E3-7588AEA91EE0}.Debug|x64.ActiveCfg = Debug|x64
		{254EF233-7CDD-4F0B-93E3-7588AEA91EE0}.Debug|x64.Build.0 = Debug|x64
		{254EF233-7CDD-4F0B-93E3-7588AEA91EE0}.Debug|x86.ActiveCfg = Debug|Win32
		{254EF233-7CDD-4F0B-93E3-7588AEA91EE0}.Debug|x86.Build.0 = Debug|Win32
		{254EF233-7CDD-4F0B-93E3-7588AEA91EE0}.Release|x64.ActiveCfg = Release|x64
		{254EF233-7CDD-4F0B-93E3-7588AEA91EE0}.Release|x64.Build.0 = Release|x64
		{254EF233-7CDD-4F0B-93E3-7588AEA91EE0}.Release|x86.ActiveCfg = Release|Win32
		{254EF233-7CDD-4F0B-93E3-7588AEA91EE0}.Release|x86.Build.0 = Release|Win32
		{0C5BA912-705F-4A6B-B22D-34D86E1E887D}.Debug|x64.ActiveCfg = Debug|x64
		{0C5BA912-705F-4A6B-B22D-34D86E1E887D}.Debug|x64.Build.0 = Debug|x64
		{0C5BA912-705F-4A6B-B22D-34D86E1E887D}.Debug|x86.ActiveCfg = Debug|Win32
		{0C5BA912-705F-4A6B-B22D-34D86E1E887D}.Debug|x86.Build.0 = Debug|Win32
		{0C5BA912-705F-4A6B-B22D-34D86E1E887D}.Release|x64.ActiveCfg = Release|x64
		{0C5BA912-705F-4A6B-B22D-34D86E1E887D}.Release|x64.Build.0 = Release|x64
		{0C5BA912-705F-4A6B-B22D-34D86E1E887D}.Release|x86.ActiveCfg = Release|Win32
		{0C5BA912-705F-4A6B-B22D-34D86E1E887D}.Release|x86.Build.0 = Release|Win32
		{AA4AF8D1-C00C-4420-9473-D27389FDF679}.Debug|x64.ActiveCfg = Debug|x64
		{AA4AF8D1-C00C-4420-9473-D27389FDF679}.Debug|x64.Build.0 = Debug|x64
		{AA4AF8D1-C00C-4420-9473-D27389FDF679}.Debug|x86.ActiveCfg = Debug|Win32
		{AA4AF8D1-C00C-4420-9473-D27389FDF679}.Debug|x86.Build.0 = Debug|Win32
		{AA4AF8D1-C00C-4420-9473-D27389FDF679}.Release|x64.ActiveCfg = Release|x64
		{AA4AF8D1-C00C-4420-9473-D27389FDF679}.Release|x64.Build.0 = Release|x64
		{AA4AF8D1-C00C-4420-9473-D27389FDF679}.Release|x86.ActiveCfg = Release|Win32
		{AA4AF8D1-C00C-4420-9473-D27389FDF679}.Release|x86.Build.0 = Release|Win32
		{9BB0B0E7-6262-47A0-8CCA-2BC91B6D354E}.Debug|x64.ActiveCfg = Debug|x64
		{9BB0B0E7-6262-47A0-8CCA-2BC91B6D354E}.Debug|x64.Build.0 = Debug|x64
		{9BB0B0E7-6262-47A0-8CCA-2BC91B6D354E}.Debug|x86.ActiveCfg = Debug|Win32
		{9BB0B0E7-6262-47A0-8CCA-2BC91B6D354E}.Debug|x86.Build.0 = Debug|Win32
		{9BB0B0E7-6262-47A0-8CCA-2BC91B6D354E}.Release|x64.ActiveCfg = Release|x64
		{9BB0B0E7-6262-47A0-8CCA-2BC91B6D354E}.Release|x64.Build.0 = Release|x64
		{9BB0B0E7-6262-47A0-8CCA-2BC91B6D354E}.Release|x86.ActiveCfg = Release|Win32
		{9BB0B0E7-6262-47A0-8CCA-2BC91B6D354E}.Release|x86.Build.0 = Release|Win32
		{75AD7636-B021-426C-A243-0BC007830443}.Debug|x64.ActiveCfg = Debug|x64
		{75AD7636-B021-426C-A243-0BC007830443}.Debug|x64.Build.0 = Debug|x64
		{75AD7636-B021-426C-A243-0BC007830443}.Debug|x86.ActiveCfg = Debug|Win32
		{75AD7636-B021-426C-A243-0BC007830443}.Debug|x86.Build.0 = Debug|Win32
		{75AD7636-B021-426C-A243-0BC007830443}.Release|x64.ActiveCfg = Release|x64
		{75AD7636-B021-426C-A243-0BC007830443}.Release|x64.Build.0 = Release|x64
		{75AD7636-B021-426C-A243-0BC007830443}.Release|x86.ActiveCfg = Release|Win32
		{75AD7636-B021-426C-A243-0BC007830443}.Release|x86.Build.0 = Release|Win32
		{B420AF30-7845-4E97-B870-2EEE4B41AF07}.Debug|x64.ActiveCfg = Debug|x64
		{B420AF30-7845-4E97-B870-2EEE4B41AF07}.Debug|x64.Build.0 = Debug|x64
		{B420AF30-7845-4E97-B870-2EEE4B41AF07}.Debug|x86.ActiveCfg = Debug|Win32
		{B420AF30-7845-4E97-B870-2EEE4B41AF07}.Debug|x86.Build.0 = Debug|Win32
		{B420AF30-7845-4E97-B870-2EEE4B41AF07}.Release|x64.ActiveCfg = Release|x64
		{B420AF30-7845-4E97-B870-2EEE4B41AF07}.Release|x64.Build.0 = Release|x64
		{B420AF30-7845-4E97-B870-2EEE4B41AF07}.Release|x86.ActiveCfg = Release|Win32
		{B420AF30-7845-4E97-B870-2EEE4B41AF07}.Release|x86.Build.0 = Release|Win32
		{F1128DD2-265D-41A1-B212-557A540E7A0E}.Debug|x64.ActiveCfg = Debug|x64
		{F1128DD2-265D-41A1-B212-557A540E7A0E}.Debug|x64.Build.0 = Debug|x64
		{F1128DD2-265D-41A1-B212-557A540E7A0E}.Debug|x86.ActiveCfg = Debug|Win32
		{F1128DD2-265D-41A1-B212-557A540E7A0E}.Debug|x86.Build.0 = Debug|Win32
		{F1128DD2-265D-41A1-B212-557A540E7A0E}.Release|x64.ActiveCfg = Release|x64
		{F1128DD2-265D-41A1-B212-557A540E7A0E}.Release|x64.Build.0 = Release|x64
		{F1128DD2-265D-41A1-B212-557A540E7A0E}.Release|x86.ActiveCfg = Release|Win32
		{F1128DD2-265D-41A1-B212-557A540E7A0E}.Release|x86.Build.0 = Release|Win32
		{8AFAE173-BAF2-4C97-ADAA-E6FE96F8A744}.Debug|x64.ActiveCfg = Debug|x64
		{8AFAE173-BAF2-4C97-ADAA-E6FE96F8A744}.Debug|x64.Build.0 = Debug|x64
		{8AFAE173-BAF2-4C97-ADAA-E6FE96F8A744}.Debug|x86.ActiveCfg = Debug|Win32
		{8AFAE173-BAF2-4C97-ADAA-E6FE96F8A744}.Debug|x86.Build.0 = Debug|Win32
		{8AFAE173-BAF2-4C97-ADAA-E6FE96F8A744}.Release|x64.ActiveCfg = Release|x64
		{8AFAE173-BAF2-4C97-ADAA-E6FE96F8A744}.Release|x64.Build.0 = Release|x64
		{8AFAE173-BAF2-4C97-ADAA-E6FE96F8A744}.Release|x86.ActiveCfg = Release|Win32
		{8AFAE173-BAF2-4C97-ADAA-E6FE96F8A744}.Release|x86.Build.0 = Release|Win32
	EndGlobalSection
	GlobalSection(SolutionProperties) = preSolution
		HideSolutionNode = FALSE
	EndGlobalSection
	GlobalSection(ExtensibilityGlobals) = postSolution
		SolutionGuid = {56C16720-F08B-4F6C-AEEE-96748CB04B35}
	EndGlobalSection
EndGlobal
